
Microsoft Visual Studio Solution File, Format Version 12.00
# Visual Studio Version 17
VisualStudioVersion = 17.14.36930.0
MinimumVisualStudioVersion = 10.0.40219.1
Project("{FAE04EC0-301F-11D3-BF4B-00C04F79EFBC}") = "cacheloginlul", "cacheloginlul\cacheloginlul.csproj", "{CDC60771-2EBB-4D63-83DD-91174B01533A}"
EndProject
Global
	GlobalSection(SolutionConfigurationPlatforms) = preSolution
		Debug|Any CPU = Debug|Any CPU
		Release|Any CPU = Release|Any CPU
	EndGlobalSection
	GlobalSection(ProjectConfigurationPlatforms) = postSolution
		{CDC60771-2EBB-4D63-83DD-91174B01533A}.Debug|Any CPU.ActiveCfg = Debug|Any CPU
		{CDC60771-2EBB-4D63-83DD-91174B01533A}.Debug|Any CPU.Build.0 = Debug|Any CPU
		{CDC60771-2EBB-4D63-83DD-91174B01533A}.Release|Any CPU.ActiveCfg = Release|Any CPU
		{CDC60771-2EBB-4D63-83DD-91174B01533A}.Release|Any CPU.Build.0 = Release|Any CPU
	EndGlobalSection
	GlobalSection(SolutionProperties) = preSolution
		HideSolutionNode = FALSE
	EndGlobalSection
	GlobalSection(ExtensibilityGlobals) = postSolution
		SolutionGuid = {02F240E1-F5C5-48DF-8F8C-1C2BAB3A56FA}
	EndGlobalSection
EndGlobal
